
Microsoft Visual Studio Solution File, Format Version 12.00
# Visual Studio Version 16
VisualStudioVersion = 16.0.31205.134
MinimumVisualStudioVersion = 10.0.40219.1
Project("{FAE04EC0-301F-11D3-BF4B-00C04F79EFBC}") = "TvTracker", "TvTracker.csproj", "{36AB0E07-844D-487E-BF91-3E64C9512FDE}"
EndProject
Global
	GlobalSection(SolutionConfigurationPlatforms) = preSolution
		Debug|Any CPU = Debug|Any CPU
		Release|Any CPU = Release|Any CPU
	EndGlobalSection
	GlobalSection(ProjectConfigurationPlatforms) = postSolution
		{36AB0E07-844D-487E-BF91-3E64C9512FDE}.Debug|Any CPU.ActiveCfg = Debug|Any CPU
		{36AB0E07-844D-487E-BF91-3E64C9512FDE}.Debug|Any CPU.Build.0 = Debug|Any CPU
		{36AB0E07-844D-487E-BF91-3E64C9512FDE}.Release|Any CPU.ActiveCfg = Release|Any CPU
		{36AB0E07-844D-487E-BF91-3E64C9512FDE}.Release|Any CPU.Build.0 = Release|Any CPU
	EndGlobalSection
	GlobalSection(SolutionProperties) = preSolution
		HideSolutionNode = FALSE
	EndGlobalSection
	GlobalSection(ExtensibilityGlobals) = postSolution
		SolutionGuid = {122A7ABA-B923-4312-9D7B-F361F74BB73D}
	EndGlobalSection
EndGlobal
